{
  "name": "rc-522",
  "version": "1.0.0",
  "lockfileVersion": 1,
  "requires": true,
  "dependencies": {
    "rc522": {
      "version": "0.2.0",
      "resolved": "https://registry.npmjs.org/rc522/-/rc522-0.2.0.tgz",
      "integrity": "sha1-T02jx5GHFe6DVN9zjish17fJ1r4="
    },
    "rc522-rfid": {
      "version": "14.1.10",
      "resolved": "https://registry.npmjs.org/rc522-rfid/-/rc522-rfid-14.1.10.tgz",
      "integrity": "sha1-WDW7LkesNmIEOgmaWYBCaVpKCBs="
    }
  }
}
