{
  "name": "rc-522",
  "version": "1.0.0",
  "lockfileVersion": 1,
  "requires": true,
  "dependencies": {
    "graceful-fs": {
      "version": "4.1.11",
      "resolved": "https://registry.npmjs.org/graceful-fs/-/graceful-fs-4.1.11.tgz",
      "integrity": "sha1-Dovf5NHduIVNZOBOp8AOKgJuVlg=",
      "optional": true
    },
    "jsonfile": {
      "version": "4.0.0",
      "resolved": "https://registry.npmjs.org/jsonfile/-/jsonfile-4.0.0.tgz",
      "integrity": "sha1-h3Gq4HmbZAdrdmQPygWPnBDjPss=",
      "requires": {
        "graceful-fs": "4.1.11"
      }
    },
    "rc522": {
      "version": "0.2.0",
      "resolved": "https://registry.npmjs.org/rc522/-/rc522-0.2.0.tgz",
      "integrity": "sha1-T02jx5GHFe6DVN9zjish17fJ1r4="
    },
    "rc522-rfid": {
      "version": "14.1.10",
      "resolved": "https://registry.npmjs.org/rc522-rfid/-/rc522-rfid-14.1.10.tgz",
      "integrity": "sha1-WDW7LkesNmIEOgmaWYBCaVpKCBs="
    }
  }
}
